
Microsoft Visual Studio Solution File, Format Version 12.00
# Visual Studio Version 16
VisualStudioVersion = 16.0.32413.511
MinimumVisualStudioVersion = 10.0.40219.1
Project("{00D1A9C2-B5F0-4AF3-8072-F6C62B433612}") = "SLC_REPL", "SLC_REPL\SLC_REPL.sqlproj", "{6CD8284B-AE3F-49CD-A9DB-E27D453D4709}"
EndProject
Project("{00D1A9C2-B5F0-4AF3-8072-F6C62B433612}") = "WH_Warba", "WH_Warba\WH_Warba.sqlproj", "{D6B875C0-F35D-4EF9-A3FA-629846953CF4}"
EndProject
Project("{00D1A9C2-B5F0-4AF3-8072-F6C62B433612}") = "SLC_Snapshot", "SLC_Snapshot\SLC_Snapshot.sqlproj", "{4069704E-68B0-4A88-9DA7-E43FC2A0E046}"
EndProject
Project("{00D1A9C2-B5F0-4AF3-8072-F6C62B433612}") = "WH_Visa", "WH_Visa\WH_Visa.sqlproj", "{72AD1C63-01F7-4F20-A9BA-87860FD99053}"
EndProject
Project("{00D1A9C2-B5F0-4AF3-8072-F6C62B433612}") = "WH_VirginPCA", "WH_VirginPCA\WH_VirginPCA.sqlproj", "{3E7CC581-84D2-42EC-B16C-2F5ADB0B9D86}"
EndProject
Project("{00D1A9C2-B5F0-4AF3-8072-F6C62B433612}") = "WH_Virgin", "WH_Virgin\WH_Virgin.sqlproj", "{FDF67E16-397F-4B0E-9F28-7A51ECFCC4D1}"
EndProject
Project("{00D1A9C2-B5F0-4AF3-8072-F6C62B433612}") = "WH_AllPublishers", "WH_AllPublishers\WH_AllPublishers.sqlproj", "{A3C442C1-3CC9-4E77-90A9-8B9D440F9721}"
EndProject
Project("{00D1A9C2-B5F0-4AF3-8072-F6C62B433612}") = "SchemeWarehouse", "SchemeWarehouse\SchemeWarehouse.sqlproj", "{8F7BD2EF-8801-4F37-B462-13A081747509}"
EndProject
Project("{00D1A9C2-B5F0-4AF3-8072-F6C62B433612}") = "Warehouse", "Warehouse\Warehouse.sqlproj", "{F9364645-DBF1-4AB6-AE62-415F152E552F}"
EndProject
Project("{00D1A9C2-B5F0-4AF3-8072-F6C62B433612}") = "Affinity", "Affinity\Affinity.sqlproj", "{4F7A167A-9A1D-4ECF-A5F7-40E687F598EA}"
EndProject
Project("{00D1A9C2-B5F0-4AF3-8072-F6C62B433612}") = "Archive_Light", "Archive_Light\Archive_Light.sqlproj", "{C1A21D4C-FBB3-40E8-A0F3-A6930F6DCA14}"
EndProject
Project("{00D1A9C2-B5F0-4AF3-8072-F6C62B433612}") = "nFI", "nFI\nFI.sqlproj", "{433BAA77-AD0B-4F0C-BD3B-BE72352145D4}"
EndProject
Project("{00D1A9C2-B5F0-4AF3-8072-F6C62B433612}") = "Sandbox", "Sandbox\Sandbox.sqlproj", "{A62E0F7C-E86F-42C0-BF37-5C9DE3D66E9A}"
EndProject
Project("{00D1A9C2-B5F0-4AF3-8072-F6C62B433612}") = "Finance", "Finance\Finance.sqlproj", "{AFE8BA89-5599-4ACE-847B-C80D0CF3D9F8}"
EndProject
Project("{00D1A9C2-B5F0-4AF3-8072-F6C62B433612}") = "Monitor", "Monitor\Monitor.sqlproj", "{829B8A76-339E-457A-A583-A52F49EC358B}"
EndProject
Project("{00D1A9C2-B5F0-4AF3-8072-F6C62B433612}") = "PapiMemberOffer", "PapiMemberOffer\PapiMemberOffer.sqlproj", "{F46AA88B-5844-449D-B72D-E144CD5A7508}"
EndProject
Project("{00D1A9C2-B5F0-4AF3-8072-F6C62B433612}") = "MigrationStuff", "MigrationStuff\MigrationStuff.sqlproj", "{CCF32204-A50A-406F-8DAA-80F25D7983E0}"
EndProject
Project("{00D1A9C2-B5F0-4AF3-8072-F6C62B433612}") = "Outbound", "Outbound\Outbound.sqlproj", "{3D6810DB-CE35-44C9-8FB6-771FFA1C9C2D}"
EndProject
Global
	GlobalSection(SolutionConfigurationPlatforms) = preSolution
		Debug|Any CPU = Debug|Any CPU
		Release|Any CPU = Release|Any CPU
	EndGlobalSection
	GlobalSection(ProjectConfigurationPlatforms) = postSolution
		{6CD8284B-AE3F-49CD-A9DB-E27D453D4709}.Debug|Any CPU.ActiveCfg = Debug|Any CPU
		{6CD8284B-AE3F-49CD-A9DB-E27D453D4709}.Debug|Any CPU.Build.0 = Debug|Any CPU
		{6CD8284B-AE3F-49CD-A9DB-E27D453D4709}.Debug|Any CPU.Deploy.0 = Debug|Any CPU
		{6CD8284B-AE3F-49CD-A9DB-E27D453D4709}.Release|Any CPU.ActiveCfg = Release|Any CPU
		{6CD8284B-AE3F-49CD-A9DB-E27D453D4709}.Release|Any CPU.Build.0 = Release|Any CPU
		{6CD8284B-AE3F-49CD-A9DB-E27D453D4709}.Release|Any CPU.Deploy.0 = Release|Any CPU
		{D6B875C0-F35D-4EF9-A3FA-629846953CF4}.Debug|Any CPU.ActiveCfg = Debug|Any CPU
		{D6B875C0-F35D-4EF9-A3FA-629846953CF4}.Debug|Any CPU.Build.0 = Debug|Any CPU
		{D6B875C0-F35D-4EF9-A3FA-629846953CF4}.Debug|Any CPU.Deploy.0 = Debug|Any CPU
		{D6B875C0-F35D-4EF9-A3FA-629846953CF4}.Release|Any CPU.ActiveCfg = Release|Any CPU
		{D6B875C0-F35D-4EF9-A3FA-629846953CF4}.Release|Any CPU.Build.0 = Release|Any CPU
		{D6B875C0-F35D-4EF9-A3FA-629846953CF4}.Release|Any CPU.Deploy.0 = Release|Any CPU
		{4069704E-68B0-4A88-9DA7-E43FC2A0E046}.Debug|Any CPU.ActiveCfg = Debug|Any CPU
		{4069704E-68B0-4A88-9DA7-E43FC2A0E046}.Debug|Any CPU.Build.0 = Debug|Any CPU
		{4069704E-68B0-4A88-9DA7-E43FC2A0E046}.Debug|Any CPU.Deploy.0 = Debug|Any CPU
		{4069704E-68B0-4A88-9DA7-E43FC2A0E046}.Release|Any CPU.ActiveCfg = Release|Any CPU
		{4069704E-68B0-4A88-9DA7-E43FC2A0E046}.Release|Any CPU.Build.0 = Release|Any CPU
		{4069704E-68B0-4A88-9DA7-E43FC2A0E046}.Release|Any CPU.Deploy.0 = Release|Any CPU
		{72AD1C63-01F7-4F20-A9BA-87860FD99053}.Debug|Any CPU.ActiveCfg = Debug|Any CPU
		{72AD1C63-01F7-4F20-A9BA-87860FD99053}.Debug|Any CPU.Build.0 = Debug|Any CPU
		{72AD1C63-01F7-4F20-A9BA-87860FD99053}.Debug|Any CPU.Deploy.0 = Debug|Any CPU
		{72AD1C63-01F7-4F20-A9BA-87860FD99053}.Release|Any CPU.ActiveCfg = Release|Any CPU
		{72AD1C63-01F7-4F20-A9BA-87860FD99053}.Release|Any CPU.Build.0 = Release|Any CPU
		{72AD1C63-01F7-4F20-A9BA-87860FD99053}.Release|Any CPU.Deploy.0 = Release|Any CPU
		{3E7CC581-84D2-42EC-B16C-2F5ADB0B9D86}.Debug|Any CPU.ActiveCfg = Debug|Any CPU
		{3E7CC581-84D2-42EC-B16C-2F5ADB0B9D86}.Debug|Any CPU.Build.0 = Debug|Any CPU
		{3E7CC581-84D2-42EC-B16C-2F5ADB0B9D86}.Debug|Any CPU.Deploy.0 = Debug|Any CPU
		{3E7CC581-84D2-42EC-B16C-2F5ADB0B9D86}.Release|Any CPU.ActiveCfg = Release|Any CPU
		{3E7CC581-84D2-42EC-B16C-2F5ADB0B9D86}.Release|Any CPU.Build.0 = Release|Any CPU
		{3E7CC581-84D2-42EC-B16C-2F5ADB0B9D86}.Release|Any CPU.Deploy.0 = Release|Any CPU
		{FDF67E16-397F-4B0E-9F28-7A51ECFCC4D1}.Debug|Any CPU.ActiveCfg = Debug|Any CPU
		{FDF67E16-397F-4B0E-9F28-7A51ECFCC4D1}.Debug|Any CPU.Build.0 = Debug|Any CPU
		{FDF67E16-397F-4B0E-9F28-7A51ECFCC4D1}.Debug|Any CPU.Deploy.0 = Debug|Any CPU
		{FDF67E16-397F-4B0E-9F28-7A51ECFCC4D1}.Release|Any CPU.ActiveCfg = Release|Any CPU
		{FDF67E16-397F-4B0E-9F28-7A51ECFCC4D1}.Release|Any CPU.Build.0 = Release|Any CPU
		{FDF67E16-397F-4B0E-9F28-7A51ECFCC4D1}.Release|Any CPU.Deploy.0 = Release|Any CPU
		{A3C442C1-3CC9-4E77-90A9-8B9D440F9721}.Debug|Any CPU.ActiveCfg = Debug|Any CPU
		{A3C442C1-3CC9-4E77-90A9-8B9D440F9721}.Debug|Any CPU.Build.0 = Debug|Any CPU
		{A3C442C1-3CC9-4E77-90A9-8B9D440F9721}.Debug|Any CPU.Deploy.0 = Debug|Any CPU
		{A3C442C1-3CC9-4E77-90A9-8B9D440F9721}.Release|Any CPU.ActiveCfg = Release|Any CPU
		{A3C442C1-3CC9-4E77-90A9-8B9D440F9721}.Release|Any CPU.Build.0 = Release|Any CPU
		{A3C442C1-3CC9-4E77-90A9-8B9D440F9721}.Release|Any CPU.Deploy.0 = Release|Any CPU
		{8F7BD2EF-8801-4F37-B462-13A081747509}.Debug|Any CPU.ActiveCfg = Debug|Any CPU
		{8F7BD2EF-8801-4F37-B462-13A081747509}.Debug|Any CPU.Build.0 = Debug|Any CPU
		{8F7BD2EF-8801-4F37-B462-13A081747509}.Debug|Any CPU.Deploy.0 = Debug|Any CPU
		{8F7BD2EF-8801-4F37-B462-13A081747509}.Release|Any CPU.ActiveCfg = Release|Any CPU
		{8F7BD2EF-8801-4F37-B462-13A081747509}.Release|Any CPU.Build.0 = Release|Any CPU
		{8F7BD2EF-8801-4F37-B462-13A081747509}.Release|Any CPU.Deploy.0 = Release|Any CPU
		{F9364645-DBF1-4AB6-AE62-415F152E552F}.Debug|Any CPU.ActiveCfg = Debug|Any CPU
		{F9364645-DBF1-4AB6-AE62-415F152E552F}.Debug|Any CPU.Build.0 = Debug|Any CPU
		{F9364645-DBF1-4AB6-AE62-415F152E552F}.Debug|Any CPU.Deploy.0 = Debug|Any CPU
		{F9364645-DBF1-4AB6-AE62-415F152E552F}.Release|Any CPU.ActiveCfg = Release|Any CPU
		{F9364645-DBF1-4AB6-AE62-415F152E552F}.Release|Any CPU.Build.0 = Release|Any CPU
		{F9364645-DBF1-4AB6-AE62-415F152E552F}.Release|Any CPU.Deploy.0 = Release|Any CPU
		{4F7A167A-9A1D-4ECF-A5F7-40E687F598EA}.Debug|Any CPU.ActiveCfg = Debug|Any CPU
		{4F7A167A-9A1D-4ECF-A5F7-40E687F598EA}.Debug|Any CPU.Build.0 = Debug|Any CPU
		{4F7A167A-9A1D-4ECF-A5F7-40E687F598EA}.Debug|Any CPU.Deploy.0 = Debug|Any CPU
		{4F7A167A-9A1D-4ECF-A5F7-40E687F598EA}.Release|Any CPU.ActiveCfg = Release|Any CPU
		{4F7A167A-9A1D-4ECF-A5F7-40E687F598EA}.Release|Any CPU.Build.0 = Release|Any CPU
		{4F7A167A-9A1D-4ECF-A5F7-40E687F598EA}.Release|Any CPU.Deploy.0 = Release|Any CPU
		{C1A21D4C-FBB3-40E8-A0F3-A6930F6DCA14}.Debug|Any CPU.ActiveCfg = Debug|Any CPU
		{C1A21D4C-FBB3-40E8-A0F3-A6930F6DCA14}.Debug|Any CPU.Build.0 = Debug|Any CPU
		{C1A21D4C-FBB3-40E8-A0F3-A6930F6DCA14}.Debug|Any CPU.Deploy.0 = Debug|Any CPU
		{C1A21D4C-FBB3-40E8-A0F3-A6930F6DCA14}.Release|Any CPU.ActiveCfg = Release|Any CPU
		{C1A21D4C-FBB3-40E8-A0F3-A6930F6DCA14}.Release|Any CPU.Build.0 = Release|Any CPU
		{C1A21D4C-FBB3-40E8-A0F3-A6930F6DCA14}.Release|Any CPU.Deploy.0 = Release|Any CPU
		{433BAA77-AD0B-4F0C-BD3B-BE72352145D4}.Debug|Any CPU.ActiveCfg = Debug|Any CPU
		{433BAA77-AD0B-4F0C-BD3B-BE72352145D4}.Debug|Any CPU.Build.0 = Debug|Any CPU
		{433BAA77-AD0B-4F0C-BD3B-BE72352145D4}.Debug|Any CPU.Deploy.0 = Debug|Any CPU
		{433BAA77-AD0B-4F0C-BD3B-BE72352145D4}.Release|Any CPU.ActiveCfg = Release|Any CPU
		{433BAA77-AD0B-4F0C-BD3B-BE72352145D4}.Release|Any CPU.Build.0 = Release|Any CPU
		{433BAA77-AD0B-4F0C-BD3B-BE72352145D4}.Release|Any CPU.Deploy.0 = Release|Any CPU
		{A62E0F7C-E86F-42C0-BF37-5C9DE3D66E9A}.Debug|Any CPU.ActiveCfg = Debug|Any CPU
		{A62E0F7C-E86F-42C0-BF37-5C9DE3D66E9A}.Debug|Any CPU.Build.0 = Debug|Any CPU
		{A62E0F7C-E86F-42C0-BF37-5C9DE3D66E9A}.Debug|Any CPU.Deploy.0 = Debug|Any CPU
		{A62E0F7C-E86F-42C0-BF37-5C9DE3D66E9A}.Release|Any CPU.ActiveCfg = Release|Any CPU
		{A62E0F7C-E86F-42C0-BF37-5C9DE3D66E9A}.Release|Any CPU.Build.0 = Release|Any CPU
		{A62E0F7C-E86F-42C0-BF37-5C9DE3D66E9A}.Release|Any CPU.Deploy.0 = Release|Any CPU
		{AFE8BA89-5599-4ACE-847B-C80D0CF3D9F8}.Debug|Any CPU.ActiveCfg = Debug|Any CPU
		{AFE8BA89-5599-4ACE-847B-C80D0CF3D9F8}.Debug|Any CPU.Build.0 = Debug|Any CPU
		{AFE8BA89-5599-4ACE-847B-C80D0CF3D9F8}.Debug|Any CPU.Deploy.0 = Debug|Any CPU
		{AFE8BA89-5599-4ACE-847B-C80D0CF3D9F8}.Release|Any CPU.ActiveCfg = Release|Any CPU
		{AFE8BA89-5599-4ACE-847B-C80D0CF3D9F8}.Release|Any CPU.Build.0 = Release|Any CPU
		{AFE8BA89-5599-4ACE-847B-C80D0CF3D9F8}.Release|Any CPU.Deploy.0 = Release|Any CPU
		{829B8A76-339E-457A-A583-A52F49EC358B}.Debug|Any CPU.ActiveCfg = Debug|Any CPU
		{829B8A76-339E-457A-A583-A52F49EC358B}.Debug|Any CPU.Build.0 = Debug|Any CPU
		{829B8A76-339E-457A-A583-A52F49EC358B}.Debug|Any CPU.Deploy.0 = Debug|Any CPU
		{829B8A76-339E-457A-A583-A52F49EC358B}.Release|Any CPU.ActiveCfg = Release|Any CPU
		{829B8A76-339E-457A-A583-A52F49EC358B}.Release|Any CPU.Build.0 = Release|Any CPU
		{829B8A76-339E-457A-A583-A52F49EC358B}.Release|Any CPU.Deploy.0 = Release|Any CPU
		{F46AA88B-5844-449D-B72D-E144CD5A7508}.Debug|Any CPU.ActiveCfg = Debug|Any CPU
		{F46AA88B-5844-449D-B72D-E144CD5A7508}.Debug|Any CPU.Build.0 = Debug|Any CPU
		{F46AA88B-5844-449D-B72D-E144CD5A7508}.Debug|Any CPU.Deploy.0 = Debug|Any CPU
		{F46AA88B-5844-449D-B72D-E144CD5A7508}.Release|Any CPU.ActiveCfg = Release|Any CPU
		{F46AA88B-5844-449D-B72D-E144CD5A7508}.Release|Any CPU.Build.0 = Release|Any CPU
		{F46AA88B-5844-449D-B72D-E144CD5A7508}.Release|Any CPU.Deploy.0 = Release|Any CPU
		{CCF32204-A50A-406F-8DAA-80F25D7983E0}.Debug|Any CPU.ActiveCfg = Debug|Any CPU
		{CCF32204-A50A-406F-8DAA-80F25D7983E0}.Debug|Any CPU.Build.0 = Debug|Any CPU
		{CCF32204-A50A-406F-8DAA-80F25D7983E0}.Debug|Any CPU.Deploy.0 = Debug|Any CPU
		{CCF32204-A50A-406F-8DAA-80F25D7983E0}.Release|Any CPU.ActiveCfg = Release|Any CPU
		{CCF32204-A50A-406F-8DAA-80F25D7983E0}.Release|Any CPU.Build.0 = Release|Any CPU
		{CCF32204-A50A-406F-8DAA-80F25D7983E0}.Release|Any CPU.Deploy.0 = Release|Any CPU
		{3D6810DB-CE35-44C9-8FB6-771FFA1C9C2D}.Debug|Any CPU.ActiveCfg = Debug|Any CPU
		{3D6810DB-CE35-44C9-8FB6-771FFA1C9C2D}.Debug|Any CPU.Build.0 = Debug|Any CPU
		{3D6810DB-CE35-44C9-8FB6-771FFA1C9C2D}.Debug|Any CPU.Deploy.0 = Debug|Any CPU
		{3D6810DB-CE35-44C9-8FB6-771FFA1C9C2D}.Release|Any CPU.ActiveCfg = Release|Any CPU
		{3D6810DB-CE35-44C9-8FB6-771FFA1C9C2D}.Release|Any CPU.Build.0 = Release|Any CPU
		{3D6810DB-CE35-44C9-8FB6-771FFA1C9C2D}.Release|Any CPU.Deploy.0 = Release|Any CPU
	EndGlobalSection
	GlobalSection(SolutionProperties) = preSolution
		HideSolutionNode = FALSE
	EndGlobalSection
	GlobalSection(ExtensibilityGlobals) = postSolution
		SolutionGuid = {1C9994EF-CC1B-414F-B855-1F650F292C28}
	EndGlobalSection
EndGlobal
