
Microsoft Visual Studio Solution File, Format Version 12.00
# Visual Studio Version 16
VisualStudioVersion = 16.0.32413.511
MinimumVisualStudioVersion = 10.0.40219.1
Project("{00D1A9C2-B5F0-4AF3-8072-F6C62B433612}") = "SLC_REPL", "SLC_REPL\SLC_REPL.sqlproj", "{6CD8284B-AE3F-49CD-A9DB-E27D453D4709}"
EndProject
Project("{00D1A9C2-B5F0-4AF3-8072-F6C62B433612}") = "WH_Warba", "WH_Warba\WH_Warba.sqlproj", "{D6B875C0-F35D-4EF9-A3FA-629846953CF4}"
EndProject
Project("{00D1A9C2-B5F0-4AF3-8072-F6C62B433612}") = "SLC_Snapshot", "SLC_Snapshot\SLC_Snapshot.sqlproj", "{4069704E-68B0-4A88-9DA7-E43FC2A0E046}"
EndProject
Project("{00D1A9C2-B5F0-4AF3-8072-F6C62B433612}") = "WH_Visa", "WH_Visa\WH_Visa.sqlproj", "{72AD1C63-01F7-4F20-A9BA-87860FD99053}"
EndProject
Project("{00D1A9C2-B5F0-4AF3-8072-F6C62B433612}") = "WH_VirginPCA", "WH_VirginPCA\WH_VirginPCA.sqlproj", "{3E7CC581-84D2-42EC-B16C-2F5ADB0B9D86}"
EndProject
Project("{00D1A9C2-B5F0-4AF3-8072-F6C62B433612}") = "WH_Virgin", "WH_Virgin\WH_Virgin.sqlproj", "{FDF67E16-397F-4B0E-9F28-7A51ECFCC4D1}"
EndProject
Project("{00D1A9C2-B5F0-4AF3-8072-F6C62B433612}") = "WH_AllPublishers", "WH_AllPublishers\WH_AllPublishers.sqlproj", "{A3C442C1-3CC9-4E77-90A9-8B9D440F9721}"
EndProject
Project("{00D1A9C2-B5F0-4AF3-8072-F6C62B433612}") = "SchemeWarehouse", "SchemeWarehouse\SchemeWarehouse.sqlproj", "{8F7BD2EF-8801-4F37-B462-13A081747509}"
EndProject
Project("{00D1A9C2-B5F0-4AF3-8072-F6C62B433612}") = "Warehouse", "Warehouse\Warehouse.sqlproj", "{F9364645-DBF1-4AB6-AE62-415F152E552F}"
EndProject
Project("{00D1A9C2-B5F0-4AF3-8072-F6C62B433612}") = "Affinity", "Affinity\Affinity.sqlproj", "{4F7A167A-9A1D-4ECF-A5F7-40E687F598EA}"
EndProject
Project("{00D1A9C2-B5F0-4AF3-8072-F6C62B433612}") = "nFI", "MigrationStuff\nFI.sqlproj", "{F2E8D1C5-6C89-4EF0-869B-C6D6702711A4}"
EndProject
Global
	GlobalSection(SolutionConfigurationPlatforms) = preSolution
		Debug|Any CPU = Debug|Any CPU
		Release|Any CPU = Release|Any CPU
	EndGlobalSection
	GlobalSection(ProjectConfigurationPlatforms) = postSolution
		{6CD8284B-AE3F-49CD-A9DB-E27D453D4709}.Debug|Any CPU.ActiveCfg = Debug|Any CPU
		{6CD8284B-AE3F-49CD-A9DB-E27D453D4709}.Debug|Any CPU.Build.0 = Debug|Any CPU
		{6CD8284B-AE3F-49CD-A9DB-E27D453D4709}.Debug|Any CPU.Deploy.0 = Debug|Any CPU
		{6CD8284B-AE3F-49CD-A9DB-E27D453D4709}.Release|Any CPU.ActiveCfg = Release|Any CPU
		{6CD8284B-AE3F-49CD-A9DB-E27D453D4709}.Release|Any CPU.Build.0 = Release|Any CPU
		{6CD8284B-AE3F-49CD-A9DB-E27D453D4709}.Release|Any CPU.Deploy.0 = Release|Any CPU
		{D6B875C0-F35D-4EF9-A3FA-629846953CF4}.Debug|Any CPU.ActiveCfg = Debug|Any CPU
		{D6B875C0-F35D-4EF9-A3FA-629846953CF4}.Debug|Any CPU.Build.0 = Debug|Any CPU
		{D6B875C0-F35D-4EF9-A3FA-629846953CF4}.Debug|Any CPU.Deploy.0 = Debug|Any CPU
		{D6B875C0-F35D-4EF9-A3FA-629846953CF4}.Release|Any CPU.ActiveCfg = Release|Any CPU
		{D6B875C0-F35D-4EF9-A3FA-629846953CF4}.Release|Any CPU.Build.0 = Release|Any CPU
		{D6B875C0-F35D-4EF9-A3FA-629846953CF4}.Release|Any CPU.Deploy.0 = Release|Any CPU
		{4069704E-68B0-4A88-9DA7-E43FC2A0E046}.Debug|Any CPU.ActiveCfg = Debug|Any CPU
		{4069704E-68B0-4A88-9DA7-E43FC2A0E046}.Debug|Any CPU.Build.0 = Debug|Any CPU
		{4069704E-68B0-4A88-9DA7-E43FC2A0E046}.Debug|Any CPU.Deploy.0 = Debug|Any CPU
		{4069704E-68B0-4A88-9DA7-E43FC2A0E046}.Release|Any CPU.ActiveCfg = Release|Any CPU
		{4069704E-68B0-4A88-9DA7-E43FC2A0E046}.Release|Any CPU.Build.0 = Release|Any CPU
		{4069704E-68B0-4A88-9DA7-E43FC2A0E046}.Release|Any CPU.Deploy.0 = Release|Any CPU
		{72AD1C63-01F7-4F20-A9BA-87860FD99053}.Debug|Any CPU.ActiveCfg = Debug|Any CPU
		{72AD1C63-01F7-4F20-A9BA-87860FD99053}.Debug|Any CPU.Build.0 = Debug|Any CPU
		{72AD1C63-01F7-4F20-A9BA-87860FD99053}.Debug|Any CPU.Deploy.0 = Debug|Any CPU
		{72AD1C63-01F7-4F20-A9BA-87860FD99053}.Release|Any CPU.ActiveCfg = Release|Any CPU
		{72AD1C63-01F7-4F20-A9BA-87860FD99053}.Release|Any CPU.Build.0 = Release|Any CPU
		{72AD1C63-01F7-4F20-A9BA-87860FD99053}.Release|Any CPU.Deploy.0 = Release|Any CPU
		{3E7CC581-84D2-42EC-B16C-2F5ADB0B9D86}.Debug|Any CPU.ActiveCfg = Debug|Any CPU
		{3E7CC581-84D2-42EC-B16C-2F5ADB0B9D86}.Debug|Any CPU.Build.0 = Debug|Any CPU
		{3E7CC581-84D2-42EC-B16C-2F5ADB0B9D86}.Debug|Any CPU.Deploy.0 = Debug|Any CPU
		{3E7CC581-84D2-42EC-B16C-2F5ADB0B9D86}.Release|Any CPU.ActiveCfg = Release|Any CPU
		{3E7CC581-84D2-42EC-B16C-2F5ADB0B9D86}.Release|Any CPU.Build.0 = Release|Any CPU
		{3E7CC581-84D2-42EC-B16C-2F5ADB0B9D86}.Release|Any CPU.Deploy.0 = Release|Any CPU
		{FDF67E16-397F-4B0E-9F28-7A51ECFCC4D1}.Debug|Any CPU.ActiveCfg = Debug|Any CPU
		{FDF67E16-397F-4B0E-9F28-7A51ECFCC4D1}.Debug|Any CPU.Build.0 = Debug|Any CPU
		{FDF67E16-397F-4B0E-9F28-7A51ECFCC4D1}.Debug|Any CPU.Deploy.0 = Debug|Any CPU
		{FDF67E16-397F-4B0E-9F28-7A51ECFCC4D1}.Release|Any CPU.ActiveCfg = Release|Any CPU
		{FDF67E16-397F-4B0E-9F28-7A51ECFCC4D1}.Release|Any CPU.Build.0 = Release|Any CPU
		{FDF67E16-397F-4B0E-9F28-7A51ECFCC4D1}.Release|Any CPU.Deploy.0 = Release|Any CPU
		{A3C442C1-3CC9-4E77-90A9-8B9D440F9721}.Debug|Any CPU.ActiveCfg = Debug|Any CPU
		{A3C442C1-3CC9-4E77-90A9-8B9D440F9721}.Debug|Any CPU.Build.0 = Debug|Any CPU
		{A3C442C1-3CC9-4E77-90A9-8B9D440F9721}.Debug|Any CPU.Deploy.0 = Debug|Any CPU
		{A3C442C1-3CC9-4E77-90A9-8B9D440F9721}.Release|Any CPU.ActiveCfg = Release|Any CPU
		{A3C442C1-3CC9-4E77-90A9-8B9D440F9721}.Release|Any CPU.Build.0 = Release|Any CPU
		{A3C442C1-3CC9-4E77-90A9-8B9D440F9721}.Release|Any CPU.Deploy.0 = Release|Any CPU
		{8F7BD2EF-8801-4F37-B462-13A081747509}.Debug|Any CPU.ActiveCfg = Debug|Any CPU
		{8F7BD2EF-8801-4F37-B462-13A081747509}.Debug|Any CPU.Build.0 = Debug|Any CPU
		{8F7BD2EF-8801-4F37-B462-13A081747509}.Debug|Any CPU.Deploy.0 = Debug|Any CPU
		{8F7BD2EF-8801-4F37-B462-13A081747509}.Release|Any CPU.ActiveCfg = Release|Any CPU
		{8F7BD2EF-8801-4F37-B462-13A081747509}.Release|Any CPU.Build.0 = Release|Any CPU
		{8F7BD2EF-8801-4F37-B462-13A081747509}.Release|Any CPU.Deploy.0 = Release|Any CPU
		{F9364645-DBF1-4AB6-AE62-415F152E552F}.Debug|Any CPU.ActiveCfg = Debug|Any CPU
		{F9364645-DBF1-4AB6-AE62-415F152E552F}.Debug|Any CPU.Build.0 = Debug|Any CPU
		{F9364645-DBF1-4AB6-AE62-415F152E552F}.Debug|Any CPU.Deploy.0 = Debug|Any CPU
		{F9364645-DBF1-4AB6-AE62-415F152E552F}.Release|Any CPU.ActiveCfg = Release|Any CPU
		{F9364645-DBF1-4AB6-AE62-415F152E552F}.Release|Any CPU.Build.0 = Release|Any CPU
		{F9364645-DBF1-4AB6-AE62-415F152E552F}.Release|Any CPU.Deploy.0 = Release|Any CPU
		{4F7A167A-9A1D-4ECF-A5F7-40E687F598EA}.Debug|Any CPU.ActiveCfg = Debug|Any CPU
		{4F7A167A-9A1D-4ECF-A5F7-40E687F598EA}.Debug|Any CPU.Build.0 = Debug|Any CPU
		{4F7A167A-9A1D-4ECF-A5F7-40E687F598EA}.Debug|Any CPU.Deploy.0 = Debug|Any CPU
		{4F7A167A-9A1D-4ECF-A5F7-40E687F598EA}.Release|Any CPU.ActiveCfg = Release|Any CPU
		{4F7A167A-9A1D-4ECF-A5F7-40E687F598EA}.Release|Any CPU.Build.0 = Release|Any CPU
		{4F7A167A-9A1D-4ECF-A5F7-40E687F598EA}.Release|Any CPU.Deploy.0 = Release|Any CPU
		{F2E8D1C5-6C89-4EF0-869B-C6D6702711A4}.Debug|Any CPU.ActiveCfg = Debug|Any CPU
		{F2E8D1C5-6C89-4EF0-869B-C6D6702711A4}.Debug|Any CPU.Build.0 = Debug|Any CPU
		{F2E8D1C5-6C89-4EF0-869B-C6D6702711A4}.Debug|Any CPU.Deploy.0 = Debug|Any CPU
		{F2E8D1C5-6C89-4EF0-869B-C6D6702711A4}.Release|Any CPU.ActiveCfg = Release|Any CPU
		{F2E8D1C5-6C89-4EF0-869B-C6D6702711A4}.Release|Any CPU.Build.0 = Release|Any CPU
		{F2E8D1C5-6C89-4EF0-869B-C6D6702711A4}.Release|Any CPU.Deploy.0 = Release|Any CPU
	EndGlobalSection
	GlobalSection(SolutionProperties) = preSolution
		HideSolutionNode = FALSE
	EndGlobalSection
	GlobalSection(ExtensibilityGlobals) = postSolution
		SolutionGuid = {1C9994EF-CC1B-414F-B855-1F650F292C28}
	EndGlobalSection
EndGlobal
